# Generated by pub
# See https://www.dartlang.org/tools/pub/glossary#lockfile
packages:
  jam_dart_interfaces:
    dependency: "direct main"
    description:
      path: "..\\interfaces"
      relative: true
    source: path
    version: "1.0.0+1"
  jam_dart_models:
    dependency: "direct main"
    description:
      path: "..\\models"
      relative: true
    source: path
    version: "1.0.0+1"
  meta:
    dependency: "direct main"
    description:
      name: meta
      url: "https://pub.dartlang.org"
    source: hosted
    version: "1.1.7"
  redux:
    dependency: "direct main"
    description:
      name: redux
      url: "https://pub.dartlang.org"
    source: hosted
    version: "3.0.0"
  redux_epics:
    dependency: "direct main"
    description:
      name: redux_epics
      url: "https://pub.dartlang.org"
    source: hosted
    version: "0.10.4"
  rxdart:
    dependency: "direct main"
    description:
      name: rxdart
      url: "https://pub.dartlang.org"
    source: hosted
    version: "0.18.1"
sdks:
  dart: ">=2.0.0-dev.68.0 <3.0.0"
